// !$*UTF8*$!
{
	archiveVersion = 1;
	classes = {
	};
	objectVersion = 46;
	objects = {

/* Begin PBXBuildFile section */
		771564B7196A49BC00CF5692 /* GoodsCell.swift in Sources */ = {isa = PBXBuildFile; fileRef = 771564B6196A49BC00CF5692 /* GoodsCell.swift */; };
		771564B9196A69BB00CF5692 /* MenuCell.swift in Sources */ = {isa = PBXBuildFile; fileRef = 771564B8196A69BB00CF5692 /* MenuCell.swift */; };
		771564BB196A722A00CF5692 /* IntegrationViewController.swift in Sources */ = {isa = PBXBuildFile; fileRef = 771564BA196A722A00CF5692 /* IntegrationViewController.swift */; };
		771564BD196A7A6B00CF5692 /* SoldViewController.swift in Sources */ = {isa = PBXBuildFile; fileRef = 771564BC196A7A6B00CF5692 /* SoldViewController.swift */; };
		771564F3196A7B3000CF5692 /* Ios6QRViewController.m in Sources */ = {isa = PBXBuildFile; fileRef = 771564BF196A7B3000CF5692 /* Ios6QRViewController.m */; };
		771564F4196A7B3000CF5692 /* Ios7QRViewController.m in Sources */ = {isa = PBXBuildFile; fileRef = 771564C1196A7B3000CF5692 /* Ios7QRViewController.m */; };
		771564F5196A7B3000CF5692 /* bitstream.c in Sources */ = {isa = PBXBuildFile; fileRef = 771564DB196A7B3000CF5692 /* bitstream.c */; };
		771564F6196A7B3000CF5692 /* mask.c in Sources */ = {isa = PBXBuildFile; fileRef = 771564DD196A7B3000CF5692 /* mask.c */; };
		771564F7196A7B3000CF5692 /* QRCodeGenerator.m in Sources */ = {isa = PBXBuildFile; fileRef = 771564E0196A7B3000CF5692 /* QRCodeGenerator.m */; };
		771564F8196A7B3000CF5692 /* qrencode.c in Sources */ = {isa = PBXBuildFile; fileRef = 771564E1196A7B3000CF5692 /* qrencode.c */; };
		771564F9196A7B3000CF5692 /* qrinput.c in Sources */ = {isa = PBXBuildFile; fileRef = 771564E3196A7B3000CF5692 /* qrinput.c */; };
		771564FA196A7B3000CF5692 /* qrspec.c in Sources */ = {isa = PBXBuildFile; fileRef = 771564E5196A7B3000CF5692 /* qrspec.c */; };
		771564FB196A7B3000CF5692 /* rscode.c in Sources */ = {isa = PBXBuildFile; fileRef = 771564E7196A7B3000CF5692 /* rscode.c */; };
		771564FC196A7B3000CF5692 /* split.c in Sources */ = {isa = PBXBuildFile; fileRef = 771564E9196A7B3000CF5692 /* split.c */; };
		771564FD196A7B3000CF5692 /* libzbar.a in Frameworks */ = {isa = PBXBuildFile; fileRef = 771564EB196A7B3000CF5692 /* libzbar.a */; };
		771564FE196A7B3000CF5692 /* line@2x.png in Resources */ = {isa = PBXBuildFile; fileRef = 771564ED196A7B3000CF5692 /* line@2x.png */; };
		771564FF196A7B3000CF5692 /* pick_bg@2x.png in Resources */ = {isa = PBXBuildFile; fileRef = 771564EE196A7B3000CF5692 /* pick_bg@2x.png */; };
		77156500196A7B3000CF5692 /* zbar-back.png in Resources */ = {isa = PBXBuildFile; fileRef = 771564EF196A7B3000CF5692 /* zbar-back.png */; };
		77156501196A7B3000CF5692 /* zbar-help.html in Resources */ = {isa = PBXBuildFile; fileRef = 771564F0196A7B3000CF5692 /* zbar-help.html */; };
		77156502196A7B3000CF5692 /* zbar-helpicons.png in Resources */ = {isa = PBXBuildFile; fileRef = 771564F1196A7B3000CF5692 /* zbar-helpicons.png */; };
		77156503196A7B3000CF5692 /* zbar-samples.png in Resources */ = {isa = PBXBuildFile; fileRef = 771564F2196A7B3000CF5692 /* zbar-samples.png */; };
		77156505196A7C7900CF5692 /* AVFoundation.framework in Frameworks */ = {isa = PBXBuildFile; fileRef = 77156504196A7C7900CF5692 /* AVFoundation.framework */; };
		77156507196A7C8700CF5692 /* CoreMedia.framework in Frameworks */ = {isa = PBXBuildFile; fileRef = 77156506196A7C8700CF5692 /* CoreMedia.framework */; };
		77156509196A7C8F00CF5692 /* CoreVideo.framework in Frameworks */ = {isa = PBXBuildFile; fileRef = 77156508196A7C8F00CF5692 /* CoreVideo.framework */; };
		7715650B196A7CA200CF5692 /* libiconv.dylib in Frameworks */ = {isa = PBXBuildFile; fileRef = 7715650A196A7CA200CF5692 /* libiconv.dylib */; };
		7715650D196A7FFF00CF5692 /* qrcode_close@2x.png in Resources */ = {isa = PBXBuildFile; fileRef = 7715650C196A7FFF00CF5692 /* qrcode_close@2x.png */; };
		775690FB196A24110040BF01 /* TitleView.m in Sources */ = {isa = PBXBuildFile; fileRef = 775690F9196A24110040BF01 /* TitleView.m */; };
		775690FC196A24110040BF01 /* TitleView.xib in Resources */ = {isa = PBXBuildFile; fileRef = 775690FA196A24110040BF01 /* TitleView.xib */; };
		775690FE196A25800040BF01 /* UIViewController+titleView.swift in Sources */ = {isa = PBXBuildFile; fileRef = 775690FD196A25800040BF01 /* UIViewController+titleView.swift */; };
		77569100196A35D40040BF01 /* UIColor+RGB.swift in Sources */ = {isa = PBXBuildFile; fileRef = 775690FF196A35D40040BF01 /* UIColor+RGB.swift */; };
		778D0C20196793F800E210AC /* JSONKit.m in Sources */ = {isa = PBXBuildFile; fileRef = 778D0C1F196793F800E210AC /* JSONKit.m */; settings = {COMPILER_FLAGS = "-fno-objc-arc"; }; };
		778D0C241967A64900E210AC /* MenuViewController.swift in Sources */ = {isa = PBXBuildFile; fileRef = 778D0C231967A64900E210AC /* MenuViewController.swift */; };
		778D0C261967ABCF00E210AC /* ToolUtils.swift in Sources */ = {isa = PBXBuildFile; fileRef = 778D0C251967ABCF00E210AC /* ToolUtils.swift */; };
		77912593196B7A200007C28C /* InitConfig.plist in Resources */ = {isa = PBXBuildFile; fileRef = 77912592196B7A200007C28C /* InitConfig.plist */; };
		77FF0C961965727C007BDEAA /* AppDelegate.swift in Sources */ = {isa = PBXBuildFile; fileRef = 77FF0C951965727C007BDEAA /* AppDelegate.swift */; };
		77FF0C981965727C007BDEAA /* ViewController.swift in Sources */ = {isa = PBXBuildFile; fileRef = 77FF0C971965727C007BDEAA /* ViewController.swift */; };
		77FF0C9B1965727C007BDEAA /* Main.storyboard in Resources */ = {isa = PBXBuildFile; fileRef = 77FF0C991965727C007BDEAA /* Main.storyboard */; };
		77FF0CA91965727C007BDEAA /* GongyinglianTests.swift in Sources */ = {isa = PBXBuildFile; fileRef = 77FF0CA81965727C007BDEAA /* GongyinglianTests.swift */; };
		77FF0CB61965731F007BDEAA /* Gongying.m in Sources */ = {isa = PBXBuildFile; fileRef = 77FF0CB31965731F007BDEAA /* Gongying.m */; };
		77FF0CB71965731F007BDEAA /* WebServiceRead.m in Sources */ = {isa = PBXBuildFile; fileRef = 77FF0CB51965731F007BDEAA /* WebServiceRead.m */; };
		77FF0D1E1965747A007BDEAA /* README in Resources */ = {isa = PBXBuildFile; fileRef = 77FF0CE519657479007BDEAA /* README */; };
		77FF0D1F1965747A007BDEAA /* ProgressHUD.bundle in Resources */ = {isa = PBXBuildFile; fileRef = 77FF0CE619657479007BDEAA /* ProgressHUD.bundle */; };
		77FF0D201965747A007BDEAA /* libIsoFrame.a in Frameworks */ = {isa = PBXBuildFile; fileRef = 77FF0D0919657479007BDEAA /* libIsoFrame.a */; };
		77FF0D361965755A007BDEAA /* MJsonData.m in Sources */ = {isa = PBXBuildFile; fileRef = 77FF0D351965755A007BDEAA /* MJsonData.m */; };
		77FF0D38196576A3007BDEAA /* ListViewController.swift in Sources */ = {isa = PBXBuildFile; fileRef = 77FF0D37196576A3007BDEAA /* ListViewController.swift */; };
		77FF0D3E19657FAA007BDEAA /* Images.xcassets in Resources */ = {isa = PBXBuildFile; fileRef = 77FF0D3D19657FAA007BDEAA /* Images.xcassets */; };
/* End PBXBuildFile section */

/* Begin PBXContainerItemProxy section */
		77FF0CA31965727C007BDEAA /* PBXContainerItemProxy */ = {
			isa = PBXContainerItemProxy;
			containerPortal = 77FF0C881965727C007BDEAA /* Project object */;
			proxyType = 1;
			remoteGlobalIDString = 77FF0C8F1965727C007BDEAA;
			remoteInfo = Gongyinglian;
		};
/* End PBXContainerItemProxy section */

/* Begin PBXFileReference section */
		771564B6196A49BC00CF5692 /* GoodsCell.swift */ = {isa = PBXFileReference; fileEncoding = 4; lastKnownFileType = sourcecode.swift; path = GoodsCell.swift; sourceTree = "<group>"; };
		771564B8196A69BB00CF5692 /* MenuCell.swift */ = {isa = PBXFileReference; fileEncoding = 4; lastKnownFileType = sourcecode.swift; path = MenuCell.swift; sourceTree = "<group>"; };
		771564BA196A722A00CF5692 /* IntegrationViewController.swift */ = {isa = PBXFileReference; fileEncoding = 4; lastKnownFileType = sourcecode.swift; path = IntegrationViewController.swift; sourceTree = "<group>"; };
		771564BC196A7A6B00CF5692 /* SoldViewController.swift */ = {isa = PBXFileReference; fileEncoding = 4; lastKnownFileType = sourcecode.swift; path = SoldViewController.swift; sourceTree = "<group>"; };
		771564BE196A7B3000CF5692 /* Ios6QRViewController.h */ = {isa = PBXFileReference; fileEncoding = 4; lastKnownFileType = sourcecode.c.h; path = Ios6QRViewController.h; sourceTree = "<group>"; };
		771564BF196A7B3000CF5692 /* Ios6QRViewController.m */ = {isa = PBXFileReference; fileEncoding = 4; lastKnownFileType = sourcecode.c.objc; path = Ios6QRViewController.m; sourceTree = "<group>"; };
		771564C0196A7B3000CF5692 /* Ios7QRViewController.h */ = {isa = PBXFileReference; fileEncoding = 4; lastKnownFileType = sourcecode.c.h; path = Ios7QRViewController.h; sourceTree = "<group>"; };
		771564C1196A7B3000CF5692 /* Ios7QRViewController.m */ = {isa = PBXFileReference; fileEncoding = 4; lastKnownFileType = sourcecode.c.objc; path = Ios7QRViewController.m; sourceTree = "<group>"; };
		771564C6196A7B3000CF5692 /* Decoder.h */ = {isa = PBXFileReference; fileEncoding = 4; lastKnownFileType = sourcecode.c.h; path = Decoder.h; sourceTree = "<group>"; };
		771564C7196A7B3000CF5692 /* Exception.h */ = {isa = PBXFileReference; fileEncoding = 4; lastKnownFileType = sourcecode.c.h; path = Exception.h; sourceTree = "<group>"; };
		771564C8196A7B3000CF5692 /* Image.h */ = {isa = PBXFileReference; fileEncoding = 4; lastKnownFileType = sourcecode.c.h; path = Image.h; sourceTree = "<group>"; };
		771564C9196A7B3000CF5692 /* ImageScanner.h */ = {isa = PBXFileReference; fileEncoding = 4; lastKnownFileType = sourcecode.c.h; path = ImageScanner.h; sourceTree = "<group>"; };
		771564CA196A7B3000CF5692 /* Processor.h */ = {isa = PBXFileReference; fileEncoding = 4; lastKnownFileType = sourcecode.c.h; path = Processor.h; sourceTree = "<group>"; };
		771564CB196A7B3000CF5692 /* Scanner.h */ = {isa = PBXFileReference; fileEncoding = 4; lastKnownFileType = sourcecode.c.h; path = Scanner.h; sourceTree = "<group>"; };
		771564CC196A7B3000CF5692 /* Symbol.h */ = {isa = PBXFileReference; fileEncoding = 4; lastKnownFileType = sourcecode.c.h; path = Symbol.h; sourceTree = "<group>"; };
		771564CD196A7B3000CF5692 /* Video.h */ = {isa = PBXFileReference; fileEncoding = 4; lastKnownFileType = sourcecode.c.h; path = Video.h; sourceTree = "<group>"; };
		771564CE196A7B3000CF5692 /* Window.h */ = {isa = PBXFileReference; fileEncoding = 4; lastKnownFileType = sourcecode.c.h; path = Window.h; sourceTree = "<group>"; };
		771564CF196A7B3000CF5692 /* zbar.h */ = {isa = PBXFileReference; fileEncoding = 4; lastKnownFileType = sourcecode.c.h; path = zbar.h; sourceTree = "<group>"; };
		771564D0196A7B3000CF5692 /* ZBarCameraSimulator.h */ = {isa = PBXFileReference; fileEncoding = 4; lastKnownFileType = sourcecode.c.h; path = ZBarCameraSimulator.h; sourceTree = "<group>"; };
		771564D1196A7B3000CF5692 /* ZBarCaptureReader.h */ = {isa = PBXFileReference; fileEncoding = 4; lastKnownFileType = sourcecode.c.h; path = ZBarCaptureReader.h; sourceTree = "<group>"; };
		771564D2196A7B3000CF5692 /* ZBarHelpController.h */ = {isa = PBXFileReference; fileEncoding = 4; lastKnownFileType = sourcecode.c.h; path = ZBarHelpController.h; sourceTree = "<group>"; };
		771564D3196A7B3000CF5692 /* ZBarImage.h */ = {isa = PBXFileReference; fileEncoding = 4; lastKnownFileType = sourcecode.c.h; path = ZBarImage.h; sourceTree = "<group>"; };
		771564D4196A7B3000CF5692 /* ZBarImageScanner.h */ = {isa = PBXFileReference; fileEncoding = 4; lastKnownFileType = sourcecode.c.h; path = ZBarImageScanner.h; sourceTree = "<group>"; };
		771564D5196A7B3000CF5692 /* ZBarReaderController.h */ = {isa = PBXFileReference; fileEncoding = 4; lastKnownFileType = sourcecode.c.h; path = ZBarReaderController.h; sourceTree = "<group>"; };
		771564D6196A7B3000CF5692 /* ZBarReaderView.h */ = {isa = PBXFileReference; fileEncoding = 4; lastKnownFileType = sourcecode.c.h; path = ZBarReaderView.h; sourceTree = "<group>"; };
		771564D7196A7B3000CF5692 /* ZBarReaderViewController.h */ = {isa = PBXFileReference; fileEncoding = 4; lastKnownFileType = sourcecode.c.h; path = ZBarReaderViewController.h; sourceTree = "<group>"; };
		771564D8196A7B3000CF5692 /* ZBarSDK.h */ = {isa = PBXFileReference; fileEncoding = 4; lastKnownFileType = sourcecode.c.h; path = ZBarSDK.h; sourceTree = "<group>"; };
		771564D9196A7B3000CF5692 /* ZBarSymbol.h */ = {isa = PBXFileReference; fileEncoding = 4; lastKnownFileType = sourcecode.c.h; path = ZBarSymbol.h; sourceTree = "<group>"; };
		771564DB196A7B3000CF5692 /* bitstream.c */ = {isa = PBXFileReference; fileEncoding = 4; lastKnownFileType = sourcecode.c.c; path = bitstream.c; sourceTree = "<group>"; };
		771564DC196A7B3000CF5692 /* bitstream.h */ = {isa = PBXFileReference; fileEncoding = 4; lastKnownFileType = sourcecode.c.h; path = bitstream.h; sourceTree = "<group>"; };
		771564DD196A7B3000CF5692 /* mask.c */ = {isa = PBXFileReference; fileEncoding = 4; lastKnownFileType = sourcecode.c.c; path = mask.c; sourceTree = "<group>"; };
		771564DE196A7B3000CF5692 /* mask.h */ = {isa = PBXFileReference; fileEncoding = 4; lastKnownFileType = sourcecode.c.h; path = mask.h; sourceTree = "<group>"; };
		771564DF196A7B3000CF5692 /* QRCodeGenerator.h */ = {isa = PBXFileReference; fileEncoding = 4; lastKnownFileType = sourcecode.c.h; path = QRCodeGenerator.h; sourceTree = "<group>"; };
		771564E0196A7B3000CF5692 /* QRCodeGenerator.m */ = {isa = PBXFileReference; fileEncoding = 4; lastKnownFileType = sourcecode.c.objc; path = QRCodeGenerator.m; sourceTree = "<group>"; };
		771564E1196A7B3000CF5692 /* qrencode.c */ = {isa = PBXFileReference; fileEncoding = 4; lastKnownFileType = sourcecode.c.c; path = qrencode.c; sourceTree = "<group>"; };
		771564E2196A7B3000CF5692 /* qrencode.h */ = {isa = PBXFileReference; fileEncoding = 4; lastKnownFileType = sourcecode.c.h; path = qrencode.h; sourceTree = "<group>"; };
		771564E3196A7B3000CF5692 /* qrinput.c */ = {isa = PBXFileReference; fileEncoding = 4; lastKnownFileType = sourcecode.c.c; path = qrinput.c; sourceTree = "<group>"; };
		771564E4196A7B3000CF5692 /* qrinput.h */ = {isa = PBXFileReference; fileEncoding = 4; lastKnownFileType = sourcecode.c.h; path = qrinput.h; sourceTree = "<group>"; };
		771564E5196A7B3000CF5692 /* qrspec.c */ = {isa = PBXFileReference; fileEncoding = 4; lastKnownFileType = sourcecode.c.c; path = qrspec.c; sourceTree = "<group>"; };
		771564E6196A7B3000CF5692 /* qrspec.h */ = {isa = PBXFileReference; fileEncoding = 4; lastKnownFileType = sourcecode.c.h; path = qrspec.h; sourceTree = "<group>"; };
		771564E7196A7B3000CF5692 /* rscode.c */ = {isa = PBXFileReference; fileEncoding = 4; lastKnownFileType = sourcecode.c.c; path = rscode.c; sourceTree = "<group>"; };
		771564E8196A7B3000CF5692 /* rscode.h */ = {isa = PBXFileReference; fileEncoding = 4; lastKnownFileType = sourcecode.c.h; path = rscode.h; sourceTree = "<group>"; };
		771564E9196A7B3000CF5692 /* split.c */ = {isa = PBXFileReference; fileEncoding = 4; lastKnownFileType = sourcecode.c.c; path = split.c; sourceTree = "<group>"; };
		771564EA196A7B3000CF5692 /* split.h */ = {isa = PBXFileReference; fileEncoding = 4; lastKnownFileType = sourcecode.c.h; path = split.h; sourceTree = "<group>"; };
		771564EB196A7B3000CF5692 /* libzbar.a */ = {isa = PBXFileReference; lastKnownFileType = archive.ar; path = libzbar.a; sourceTree = "<group>"; };
		771564ED196A7B3000CF5692 /* line@2x.png */ = {isa = PBXFileReference; lastKnownFileType = image.png; path = "line@2x.png"; sourceTree = "<group>"; };
		771564EE196A7B3000CF5692 /* pick_bg@2x.png */ = {isa = PBXFileReference; lastKnownFileType = image.png; path = "pick_bg@2x.png"; sourceTree = "<group>"; };
		771564EF196A7B3000CF5692 /* zbar-back.png */ = {isa = PBXFileReference; lastKnownFileType = image.png; path = "zbar-back.png"; sourceTree = "<group>"; };
		771564F0196A7B3000CF5692 /* zbar-help.html */ = {isa = PBXFileReference; fileEncoding = 4; lastKnownFileType = text.html; path = "zbar-help.html"; sourceTree = "<group>"; };
		771564F1196A7B3000CF5692 /* zbar-helpicons.png */ = {isa = PBXFileReference; lastKnownFileType = image.png; path = "zbar-helpicons.png"; sourceTree = "<group>"; };
		771564F2196A7B3000CF5692 /* zbar-samples.png */ = {isa = PBXFileReference; lastKnownFileType = image.png; path = "zbar-samples.png"; sourceTree = "<group>"; };
		77156504196A7C7900CF5692 /* AVFoundation.framework */ = {isa = PBXFileReference; lastKnownFileType = wrapper.framework; name = AVFoundation.framework; path = System/Library/Frameworks/AVFoundation.framework; sourceTree = SDKROOT; };
		77156506196A7C8700CF5692 /* CoreMedia.framework */ = {isa = PBXFileReference; lastKnownFileType = wrapper.framework; name = CoreMedia.framework; path = System/Library/Frameworks/CoreMedia.framework; sourceTree = SDKROOT; };
		77156508196A7C8F00CF5692 /* CoreVideo.framework */ = {isa = PBXFileReference; lastKnownFileType = wrapper.framework; name = CoreVideo.framework; path = System/Library/Frameworks/CoreVideo.framework; sourceTree = SDKROOT; };
		7715650A196A7CA200CF5692 /* libiconv.dylib */ = {isa = PBXFileReference; lastKnownFileType = "compiled.mach-o.dylib"; name = libiconv.dylib; path = usr/lib/libiconv.dylib; sourceTree = SDKROOT; };
		7715650C196A7FFF00CF5692 /* qrcode_close@2x.png */ = {isa = PBXFileReference; lastKnownFileType = image.png; path = "qrcode_close@2x.png"; sourceTree = "<group>"; };
		775690F8196A24110040BF01 /* TitleView.h */ = {isa = PBXFileReference; fileEncoding = 4; lastKnownFileType = sourcecode.c.h; path = TitleView.h; sourceTree = "<group>"; };
		775690F9196A24110040BF01 /* TitleView.m */ = {isa = PBXFileReference; fileEncoding = 4; lastKnownFileType = sourcecode.c.objc; path = TitleView.m; sourceTree = "<group>"; };
		775690FA196A24110040BF01 /* TitleView.xib */ = {isa = PBXFileReference; fileEncoding = 4; lastKnownFileType = file.xib; path = TitleView.xib; sourceTree = "<group>"; };
		775690FD196A25800040BF01 /* UIViewController+titleView.swift */ = {isa = PBXFileReference; fileEncoding = 4; lastKnownFileType = sourcecode.swift; path = "UIViewController+titleView.swift"; sourceTree = "<group>"; };
		775690FF196A35D40040BF01 /* UIColor+RGB.swift */ = {isa = PBXFileReference; fileEncoding = 4; lastKnownFileType = sourcecode.swift; path = "UIColor+RGB.swift"; sourceTree = "<group>"; };
		778D0C1E196793F800E210AC /* JSONKit.h */ = {isa = PBXFileReference; fileEncoding = 4; lastKnownFileType = sourcecode.c.h; path = JSONKit.h; sourceTree = "<group>"; };
		778D0C1F196793F800E210AC /* JSONKit.m */ = {isa = PBXFileReference; fileEncoding = 4; lastKnownFileType = sourcecode.c.objc; path = JSONKit.m; sourceTree = "<group>"; };
		778D0C231967A64900E210AC /* MenuViewController.swift */ = {isa = PBXFileReference; fileEncoding = 4; lastKnownFileType = sourcecode.swift; path = MenuViewController.swift; sourceTree = "<group>"; };
		778D0C251967ABCF00E210AC /* ToolUtils.swift */ = {isa = PBXFileReference; fileEncoding = 4; lastKnownFileType = sourcecode.swift; path = ToolUtils.swift; sourceTree = "<group>"; };
		77912592196B7A200007C28C /* InitConfig.plist */ = {isa = PBXFileReference; fileEncoding = 4; lastKnownFileType = text.plist.xml; path = InitConfig.plist; sourceTree = "<group>"; };
		77FF0C901965727C007BDEAA /* Gongyinglian.app */ = {isa = PBXFileReference; explicitFileType = wrapper.application; includeInIndex = 0; path = Gongyinglian.app; sourceTree = BUILT_PRODUCTS_DIR; };
		77FF0C941965727C007BDEAA /* Info.plist */ = {isa = PBXFileReference; lastKnownFileType = text.plist.xml; path = Info.plist; sourceTree = "<group>"; };
		77FF0C951965727C007BDEAA /* AppDelegate.swift */ = {isa = PBXFileReference; lastKnownFileType = sourcecode.swift; path = AppDelegate.swift; sourceTree = "<group>"; };
		77FF0C971965727C007BDEAA /* ViewController.swift */ = {isa = PBXFileReference; lastKnownFileType = sourcecode.swift; path = ViewController.swift; sourceTree = "<group>"; };
		77FF0C9A1965727C007BDEAA /* Base */ = {isa = PBXFileReference; lastKnownFileType = file.storyboard; name = Base; path = Base.lproj/Main.storyboard; sourceTree = "<group>"; };
		77FF0CA21965727C007BDEAA /* GongyinglianTests.xctest */ = {isa = PBXFileReference; explicitFileType = wrapper.cfbundle; includeInIndex = 0; path = GongyinglianTests.xctest; sourceTree = BUILT_PRODUCTS_DIR; };
		77FF0CA71965727C007BDEAA /* Info.plist */ = {isa = PBXFileReference; lastKnownFileType = text.plist.xml; path = Info.plist; sourceTree = "<group>"; };
		77FF0CA81965727C007BDEAA /* GongyinglianTests.swift */ = {isa = PBXFileReference; lastKnownFileType = sourcecode.swift; path = GongyinglianTests.swift; sourceTree = "<group>"; };
		77FF0CB21965731F007BDEAA /* Gongying.h */ = {isa = PBXFileReference; fileEncoding = 4; lastKnownFileType = sourcecode.c.h; path = Gongying.h; sourceTree = "<group>"; };
		77FF0CB31965731F007BDEAA /* Gongying.m */ = {isa = PBXFileReference; fileEncoding = 4; lastKnownFileType = sourcecode.c.objc; path = Gongying.m; sourceTree = "<group>"; };
		77FF0CB41965731F007BDEAA /* WebServiceRead.h */ = {isa = PBXFileReference; fileEncoding = 4; lastKnownFileType = sourcecode.c.h; path = WebServiceRead.h; sourceTree = "<group>"; };
		77FF0CB51965731F007BDEAA /* WebServiceRead.m */ = {isa = PBXFileReference; fileEncoding = 4; lastKnownFileType = sourcecode.c.objc; path = WebServiceRead.m; sourceTree = "<group>"; };
		77FF0CBA19657479007BDEAA /* ApiUpdate.h */ = {isa = PBXFileReference; fileEncoding = 4; lastKnownFileType = sourcecode.c.h; path = ApiUpdate.h; sourceTree = "<group>"; };
		77FF0CBB19657479007BDEAA /* AppUpdate.pb.h */ = {isa = PBXFileReference; fileEncoding = 4; lastKnownFileType = sourcecode.c.h; path = AppUpdate.pb.h; sourceTree = "<group>"; };
		77FF0CBC19657479007BDEAA /* DataManager.h */ = {isa = PBXFileReference; fileEncoding = 4; lastKnownFileType = sourcecode.c.h; path = DataManager.h; sourceTree = "<group>"; };
		77FF0CBD19657479007BDEAA /* ErrMsg.h */ = {isa = PBXFileReference; fileEncoding = 4; lastKnownFileType = sourcecode.c.h; path = ErrMsg.h; sourceTree = "<group>"; };
		77FF0CBE19657479007BDEAA /* Frame.h */ = {isa = PBXFileReference; fileEncoding = 4; lastKnownFileType = sourcecode.c.h; path = Frame.h; sourceTree = "<group>"; };
		77FF0CBF19657479007BDEAA /* Http2Json.h */ = {isa = PBXFileReference; fileEncoding = 4; lastKnownFileType = sourcecode.c.h; path = Http2Json.h; sourceTree = "<group>"; };
		77FF0CC019657479007BDEAA /* InitConfig.h */ = {isa = PBXFileReference; fileEncoding = 4; lastKnownFileType = sourcecode.c.h; path = InitConfig.h; sourceTree = "<group>"; };
		77FF0CC119657479007BDEAA /* InitUrl.h */ = {isa = PBXFileReference; fileEncoding = 4; lastKnownFileType = sourcecode.c.h; path = InitUrl.h; sourceTree = "<group>"; };
		77FF0CC219657479007BDEAA /* IntenetRead.h */ = {isa = PBXFileReference; fileEncoding = 4; lastKnownFileType = sourcecode.c.h; path = IntenetRead.h; sourceTree = "<group>"; };
		77FF0CC419657479007BDEAA /* MSBJson.h */ = {isa = PBXFileReference; fileEncoding = 4; lastKnownFileType = sourcecode.c.h; path = MSBJson.h; sourceTree = "<group>"; };
		77FF0CC519657479007BDEAA /* MSBJsonParser.h */ = {isa = PBXFileReference; fileEncoding = 4; lastKnownFileType = sourcecode.c.h; path = MSBJsonParser.h; sourceTree = "<group>"; };
		77FF0CC619657479007BDEAA /* MSBJsonStreamParser.h */ = {isa = PBXFileReference; fileEncoding = 4; lastKnownFileType = sourcecode.c.h; path = MSBJsonStreamParser.h; sourceTree = "<group>"; };
		77FF0CC719657479007BDEAA /* MSBJsonStreamParserAccumulator.h */ = {isa = PBXFileReference; fileEncoding = 4; lastKnownFileType = sourcecode.c.h; path = MSBJsonStreamParserAccumulator.h; sourceTree = "<group>"; };
		77FF0CC819657479007BDEAA /* MSBJsonStreamParserAdapter.h */ = {isa = PBXFileReference; fileEncoding = 4; lastKnownFileType = sourcecode.c.h; path = MSBJsonStreamParserAdapter.h; sourceTree = "<group>"; };
		77FF0CC919657479007BDEAA /* MSBJsonStreamParserState.h */ = {isa = PBXFileReference; fileEncoding = 4; lastKnownFileType = sourcecode.c.h; path = MSBJsonStreamParserState.h; sourceTree = "<group>"; };
		77FF0CCA19657479007BDEAA /* MSBJsonStreamWriter.h */ = {isa = PBXFileReference; fileEncoding = 4; lastKnownFileType = sourcecode.c.h; path = MSBJsonStreamWriter.h; sourceTree = "<group>"; };
		77FF0CCB19657479007BDEAA /* MSBJsonStreamWriterAccumulator.h */ = {isa = PBXFileReference; fileEncoding = 4; lastKnownFileType = sourcecode.c.h; path = MSBJsonStreamWriterAccumulator.h; sourceTree = "<group>"; };
		77FF0CCC19657479007BDEAA /* MSBJsonStreamWriterState.h */ = {isa = PBXFileReference; fileEncoding = 4; lastKnownFileType = sourcecode.c.h; path = MSBJsonStreamWriterState.h; sourceTree = "<group>"; };
		77FF0CCD19657479007BDEAA /* MSBJsonTokeniser.h */ = {isa = PBXFileReference; fileEncoding = 4; lastKnownFileType = sourcecode.c.h; path = MSBJsonTokeniser.h; sourceTree = "<group>"; };
		77FF0CCE19657479007BDEAA /* MSBJsonUTF8Stream.h */ = {isa = PBXFileReference; fileEncoding = 4; lastKnownFileType = sourcecode.c.h; path = MSBJsonUTF8Stream.h; sourceTree = "<group>"; };
		77FF0CCF19657479007BDEAA /* MSBJsonWriter.h */ = {isa = PBXFileReference; fileEncoding = 4; lastKnownFileType = sourcecode.c.h; path = MSBJsonWriter.h; sourceTree = "<group>"; };
		77FF0CD019657479007BDEAA /* NSObject+MSBJson.h */ = {isa = PBXFileReference; fileEncoding = 4; lastKnownFileType = sourcecode.c.h; path = "NSObject+MSBJson.h"; sourceTree = "<group>"; };
		77FF0CD119657479007BDEAA /* JsonData.h */ = {isa = PBXFileReference; fileEncoding = 4; lastKnownFileType = sourcecode.c.h; path = JsonData.h; sourceTree = "<group>"; };
		77FF0CD219657479007BDEAA /* Loading.h */ = {isa = PBXFileReference; fileEncoding = 4; lastKnownFileType = sourcecode.c.h; path = Loading.h; sourceTree = "<group>"; };
		77FF0CD319657479007BDEAA /* mBase64.h */ = {isa = PBXFileReference; fileEncoding = 4; lastKnownFileType = sourcecode.c.h; path = mBase64.h; sourceTree = "<group>"; };
		77FF0CD419657479007BDEAA /* mDES.h */ = {isa = PBXFileReference; fileEncoding = 4; lastKnownFileType = sourcecode.c.h; path = mDES.h; sourceTree = "<group>"; };
		77FF0CD519657479007BDEAA /* MLog.h */ = {isa = PBXFileReference; fileEncoding = 4; lastKnownFileType = sourcecode.c.h; path = MLog.h; sourceTree = "<group>"; };
		77FF0CD619657479007BDEAA /* mMD5.h */ = {isa = PBXFileReference; fileEncoding = 4; lastKnownFileType = sourcecode.c.h; path = mMD5.h; sourceTree = "<group>"; };
		77FF0CD719657479007BDEAA /* MMenu.h */ = {isa = PBXFileReference; fileEncoding = 4; lastKnownFileType = sourcecode.c.h; path = MMenu.h; sourceTree = "<group>"; };
		77FF0CD819657479007BDEAA /* Mrequest.pb.h */ = {isa = PBXFileReference; fileEncoding = 4; lastKnownFileType = sourcecode.c.h; path = Mrequest.pb.h; sourceTree = "<group>"; };
		77FF0CD919657479007BDEAA /* Mretn.pb.h */ = {isa = PBXFileReference; fileEncoding = 4; lastKnownFileType = sourcecode.c.h; path = Mretn.pb.h; sourceTree = "<group>"; };
		77FF0CDA19657479007BDEAA /* MsgDialog.h */ = {isa = PBXFileReference; fileEncoding = 4; lastKnownFileType = sourcecode.c.h; path = MsgDialog.h; sourceTree = "<group>"; };
		77FF0CDC19657479007BDEAA /* OTRuntime.h */ = {isa = PBXFileReference; fileEncoding = 4; lastKnownFileType = sourcecode.c.h; path = OTRuntime.h; sourceTree = "<group>"; };
		77FF0CDD19657479007BDEAA /* OTRuntimeClass.h */ = {isa = PBXFileReference; fileEncoding = 4; lastKnownFileType = sourcecode.c.h; path = OTRuntimeClass.h; sourceTree = "<group>"; };
		77FF0CDE19657479007BDEAA /* OTRuntimeIvar.h */ = {isa = PBXFileReference; fileEncoding = 4; lastKnownFileType = sourcecode.c.h; path = OTRuntimeIvar.h; sourceTree = "<group>"; };
		77FF0CDF19657479007BDEAA /* OTRuntimeMethod.h */ = {isa = PBXFileReference; fileEncoding = 4; lastKnownFileType = sourcecode.c.h; path = OTRuntimeMethod.h; sourceTree = "<group>"; };
		77FF0CE019657479007BDEAA /* OTRuntimeObjc.h */ = {isa = PBXFileReference; fileEncoding = 4; lastKnownFileType = sourcecode.c.h; path = OTRuntimeObjc.h; sourceTree = "<group>"; };
		77FF0CE119657479007BDEAA /* OTRuntimeObject.h */ = {isa = PBXFileReference; fileEncoding = 4; lastKnownFileType = sourcecode.c.h; path = OTRuntimeObject.h; sourceTree = "<group>"; };
		77FF0CE219657479007BDEAA /* OTRuntimeProtocol.h */ = {isa = PBXFileReference; fileEncoding = 4; lastKnownFileType = sourcecode.c.h; path = OTRuntimeProtocol.h; sourceTree = "<group>"; };
		77FF0CE319657479007BDEAA /* OTRuntimeSel.h */ = {isa = PBXFileReference; fileEncoding = 4; lastKnownFileType = sourcecode.c.h; path = OTRuntimeSel.h; sourceTree = "<group>"; };
		77FF0CE419657479007BDEAA /* OTTypeDef.h */ = {isa = PBXFileReference; fileEncoding = 4; lastKnownFileType = sourcecode.c.h; path = OTTypeDef.h; sourceTree = "<group>"; };
		77FF0CE519657479007BDEAA /* README */ = {isa = PBXFileReference; fileEncoding = 4; lastKnownFileType = text; path = README; sourceTree = "<group>"; };
		77FF0CE619657479007BDEAA /* ProgressHUD.bundle */ = {isa = PBXFileReference; lastKnownFileType = "wrapper.plug-in"; path = ProgressHUD.bundle; sourceTree = "<group>"; };
		77FF0CE719657479007BDEAA /* ProgressHUD.h */ = {isa = PBXFileReference; fileEncoding = 4; lastKnownFileType = sourcecode.c.h; path = ProgressHUD.h; sourceTree = "<group>"; };
		77FF0CE919657479007BDEAA /* AbstractMessage.h */ = {isa = PBXFileReference; fileEncoding = 4; lastKnownFileType = sourcecode.c.h; path = AbstractMessage.h; sourceTree = "<group>"; };
		77FF0CEA19657479007BDEAA /* AbstractMessage_Builder.h */ = {isa = PBXFileReference; fileEncoding = 4; lastKnownFileType = sourcecode.c.h; path = AbstractMessage_Builder.h; sourceTree = "<group>"; };
		77FF0CEB19657479007BDEAA /* Bootstrap.h */ = {isa = PBXFileReference; fileEncoding = 4; lastKnownFileType = sourcecode.c.h; path = Bootstrap.h; sourceTree = "<group>"; };
		77FF0CEC19657479007BDEAA /* CodedInputStream.h */ = {isa = PBXFileReference; fileEncoding = 4; lastKnownFileType = sourcecode.c.h; path = CodedInputStream.h; sourceTree = "<group>"; };
		77FF0CED19657479007BDEAA /* CodedOutputStream.h */ = {isa = PBXFileReference; fileEncoding = 4; lastKnownFileType = sourcecode.c.h; path = CodedOutputStream.h; sourceTree = "<group>"; };
		77FF0CEE19657479007BDEAA /* ConcreteExtensionField.h */ = {isa = PBXFileReference; fileEncoding = 4; lastKnownFileType = sourcecode.c.h; path = ConcreteExtensionField.h; sourceTree = "<group>"; };
		77FF0CEF19657479007BDEAA /* ExtendableMessage.h */ = {isa = PBXFileReference; fileEncoding = 4; lastKnownFileType = sourcecode.c.h; path = ExtendableMessage.h; sourceTree = "<group>"; };
		77FF0CF019657479007BDEAA /* ExtendableMessage_Builder.h */ = {isa = PBXFileReference; fileEncoding = 4; lastKnownFileType = sourcecode.c.h; path = ExtendableMessage_Builder.h; sourceTree = "<group>"; };
		77FF0CF119657479007BDEAA /* ExtensionField.h */ = {isa = PBXFileReference; fileEncoding = 4; lastKnownFileType = sourcecode.c.h; path = ExtensionField.h; sourceTree = "<group>"; };
		77FF0CF219657479007BDEAA /* ExtensionRegistry.h */ = {isa = PBXFileReference; fileEncoding = 4; lastKnownFileType = sourcecode.c.h; path = ExtensionRegistry.h; sourceTree = "<group>"; };
		77FF0CF319657479007BDEAA /* Field.h */ = {isa = PBXFileReference; fileEncoding = 4; lastKnownFileType = sourcecode.c.h; path = Field.h; sourceTree = "<group>"; };
		77FF0CF419657479007BDEAA /* ForwardDeclarations.h */ = {isa = PBXFileReference; fileEncoding = 4; lastKnownFileType = sourcecode.c.h; path = ForwardDeclarations.h; sourceTree = "<group>"; };
		77FF0CF519657479007BDEAA /* GeneratedMessage.h */ = {isa = PBXFileReference; fileEncoding = 4; lastKnownFileType = sourcecode.c.h; path = GeneratedMessage.h; sourceTree = "<group>"; };
		77FF0CF619657479007BDEAA /* GeneratedMessage_Builder.h */ = {isa = PBXFileReference; fileEncoding = 4; lastKnownFileType = sourcecode.c.h; path = GeneratedMessage_Builder.h; sourceTree = "<group>"; };
		77FF0CF719657479007BDEAA /* Message.h */ = {isa = PBXFileReference; fileEncoding = 4; lastKnownFileType = sourcecode.c.h; path = Message.h; sourceTree = "<group>"; };
		77FF0CF819657479007BDEAA /* Message_Builder.h */ = {isa = PBXFileReference; fileEncoding = 4; lastKnownFileType = sourcecode.c.h; path = Message_Builder.h; sourceTree = "<group>"; };
		77FF0CF919657479007BDEAA /* MutableExtensionRegistry.h */ = {isa = PBXFileReference; fileEncoding = 4; lastKnownFileType = sourcecode.c.h; path = MutableExtensionRegistry.h; sourceTree = "<group>"; };
		77FF0CFA19657479007BDEAA /* MutableField.h */ = {isa = PBXFileReference; fileEncoding = 4; lastKnownFileType = sourcecode.c.h; path = MutableField.h; sourceTree = "<group>"; };
		77FF0CFB19657479007BDEAA /* ProtocolBuffers.h */ = {isa = PBXFileReference; fileEncoding = 4; lastKnownFileType = sourcecode.c.h; path = ProtocolBuffers.h; sourceTree = "<group>"; };
		77FF0CFC19657479007BDEAA /* TextFormat.h */ = {isa = PBXFileReference; fileEncoding = 4; lastKnownFileType = sourcecode.c.h; path = TextFormat.h; sourceTree = "<group>"; };
		77FF0CFD19657479007BDEAA /* UnknownFieldSet.h */ = {isa = PBXFileReference; fileEncoding = 4; lastKnownFileType = sourcecode.c.h; path = UnknownFieldSet.h; sourceTree = "<group>"; };
		77FF0CFE19657479007BDEAA /* UnknownFieldSet_Builder.h */ = {isa = PBXFileReference; fileEncoding = 4; lastKnownFileType = sourcecode.c.h; path = UnknownFieldSet_Builder.h; sourceTree = "<group>"; };
		77FF0CFF19657479007BDEAA /* Utilities.h */ = {isa = PBXFileReference; fileEncoding = 4; lastKnownFileType = sourcecode.c.h; path = Utilities.h; sourceTree = "<group>"; };
		77FF0D0019657479007BDEAA /* WireFormat.h */ = {isa = PBXFileReference; fileEncoding = 4; lastKnownFileType = sourcecode.c.h; path = WireFormat.h; sourceTree = "<group>"; };
		77FF0D0119657479007BDEAA /* RegExCategories.h */ = {isa = PBXFileReference; fileEncoding = 4; lastKnownFileType = sourcecode.c.h; path = RegExCategories.h; sourceTree = "<group>"; };
		77FF0D0219657479007BDEAA /* Son.h */ = {isa = PBXFileReference; fileEncoding = 4; lastKnownFileType = sourcecode.c.h; path = Son.h; sourceTree = "<group>"; };
		77FF0D0319657479007BDEAA /* Son2Json.h */ = {isa = PBXFileReference; fileEncoding = 4; lastKnownFileType = sourcecode.c.h; path = Son2Json.h; sourceTree = "<group>"; };
		77FF0D0419657479007BDEAA /* Son2Top.h */ = {isa = PBXFileReference; fileEncoding = 4; lastKnownFileType = sourcecode.c.h; path = Son2Top.h; sourceTree = "<group>"; };
		77FF0D0519657479007BDEAA /* UpdateOne.h */ = {isa = PBXFileReference; fileEncoding = 4; lastKnownFileType = sourcecode.c.h; path = UpdateOne.h; sourceTree = "<group>"; };
		77FF0D0619657479007BDEAA /* Updateone2Json.h */ = {isa = PBXFileReference; fileEncoding = 4; lastKnownFileType = sourcecode.c.h; path = Updateone2Json.h; sourceTree = "<group>"; };
		77FF0D0719657479007BDEAA /* UpdateOne2Top.h */ = {isa = PBXFileReference; fileEncoding = 4; lastKnownFileType = sourcecode.c.h; path = UpdateOne2Top.h; sourceTree = "<group>"; };
		77FF0D0819657479007BDEAA /* UpdateSelf.h */ = {isa = PBXFileReference; fileEncoding = 4; lastKnownFileType = sourcecode.c.h; path = UpdateSelf.h; sourceTree = "<group>"; };
		77FF0D0919657479007BDEAA /* libIsoFrame.a */ = {isa = PBXFileReference; lastKnownFileType = archive.ar; path = libIsoFrame.a; sourceTree = "<group>"; };
		77FF0D341965755A007BDEAA /* MJsonData.h */ = {isa = PBXFileReference; fileEncoding = 4; lastKnownFileType = sourcecode.c.h; path = MJsonData.h; sourceTree = "<group>"; };
		77FF0D351965755A007BDEAA /* MJsonData.m */ = {isa = PBXFileReference; fileEncoding = 4; lastKnownFileType = sourcecode.c.objc; path = MJsonData.m; sourceTree = "<group>"; };
		77FF0D37196576A3007BDEAA /* ListViewController.swift */ = {isa = PBXFileReference; fileEncoding = 4; lastKnownFileType = sourcecode.swift; path = ListViewController.swift; sourceTree = "<group>"; };
		77FF0D3C19657842007BDEAA /* Gongyinglian-Bridging-Header.h */ = {isa = PBXFileReference; lastKnownFileType = sourcecode.c.h; path = "Gongyinglian-Bridging-Header.h"; sourceTree = "<group>"; };
		77FF0D3D19657FAA007BDEAA /* Images.xcassets */ = {isa = PBXFileReference; lastKnownFileType = folder.assetcatalog; path = Images.xcassets; sourceTree = "<group>"; };
/* End PBXFileReference section */

/* Begin PBXFrameworksBuildPhase section */
		77FF0C8D1965727C007BDEAA /* Frameworks */ = {
			isa = PBXFrameworksBuildPhase;
			buildActionMask = 2147483647;
			files = (
				7715650B196A7CA200CF5692 /* libiconv.dylib in Frameworks */,
				77156509196A7C8F00CF5692 /* CoreVideo.framework in Frameworks */,
				77156507196A7C8700CF5692 /* CoreMedia.framework in Frameworks */,
				77156505196A7C7900CF5692 /* AVFoundation.framework in Frameworks */,
				771564FD196A7B3000CF5692 /* libzbar.a in Frameworks */,
				77FF0D201965747A007BDEAA /* libIsoFrame.a in Frameworks */,
			);
			runOnlyForDeploymentPostprocessing = 0;
		};
		77FF0C9F1965727C007BDEAA /* Frameworks */ = {
			isa = PBXFrameworksBuildPhase;
			buildActionMask = 2147483647;
			files = (
			);
			runOnlyForDeploymentPostprocessing = 0;
		};
/* End PBXFrameworksBuildPhase section */

/* Begin PBXGroup section */
		771564C2196A7B3000CF5692 /* ZBarSDK */ = {
			isa = PBXGroup;
			children = (
				771564C3196A7B3000CF5692 /* Headers */,
				771564DA196A7B3000CF5692 /* libqrencode */,
				771564EB196A7B3000CF5692 /* libzbar.a */,
				771564EC196A7B3000CF5692 /* Resources */,
			);
			path = ZBarSDK;
			sourceTree = "<group>";
		};
		771564C3196A7B3000CF5692 /* Headers */ = {
			isa = PBXGroup;
			children = (
				771564C4196A7B3000CF5692 /* ZBarSDK */,
			);
			path = Headers;
			sourceTree = "<group>";
		};
		771564C4196A7B3000CF5692 /* ZBarSDK */ = {
			isa = PBXGroup;
			children = (
				771564C5196A7B3000CF5692 /* zbar */,
				771564CF196A7B3000CF5692 /* zbar.h */,
				771564D0196A7B3000CF5692 /* ZBarCameraSimulator.h */,
				771564D1196A7B3000CF5692 /* ZBarCaptureReader.h */,
				771564D2196A7B3000CF5692 /* ZBarHelpController.h */,
				771564D3196A7B3000CF5692 /* ZBarImage.h */,
				771564D4196A7B3000CF5692 /* ZBarImageScanner.h */,
				771564D5196A7B3000CF5692 /* ZBarReaderController.h */,
				771564D6196A7B3000CF5692 /* ZBarReaderView.h */,
				771564D7196A7B3000CF5692 /* ZBarReaderViewController.h */,
				771564D8196A7B3000CF5692 /* ZBarSDK.h */,
				771564D9196A7B3000CF5692 /* ZBarSymbol.h */,
			);
			path = ZBarSDK;
			sourceTree = "<group>";
		};
		771564C5196A7B3000CF5692 /* zbar */ = {
			isa = PBXGroup;
			children = (
				771564C6196A7B3000CF5692 /* Decoder.h */,
				771564C7196A7B3000CF5692 /* Exception.h */,
				771564C8196A7B3000CF5692 /* Image.h */,
				771564C9196A7B3000CF5692 /* ImageScanner.h */,
				771564CA196A7B3000CF5692 /* Processor.h */,
				771564CB196A7B3000CF5692 /* Scanner.h */,
				771564CC196A7B3000CF5692 /* Symbol.h */,
				771564CD196A7B3000CF5692 /* Video.h */,
				771564CE196A7B3000CF5692 /* Window.h */,
			);
			path = zbar;
			sourceTree = "<group>";
		};
		771564DA196A7B3000CF5692 /* libqrencode */ = {
			isa = PBXGroup;
			children = (
				771564DB196A7B3000CF5692 /* bitstream.c */,
				771564DC196A7B3000CF5692 /* bitstream.h */,
				771564DD196A7B3000CF5692 /* mask.c */,
				771564DE196A7B3000CF5692 /* mask.h */,
				771564DF196A7B3000CF5692 /* QRCodeGenerator.h */,
				771564E0196A7B3000CF5692 /* QRCodeGenerator.m */,
				771564E1196A7B3000CF5692 /* qrencode.c */,
				771564E2196A7B3000CF5692 /* qrencode.h */,
				771564E3196A7B3000CF5692 /* qrinput.c */,
				771564E4196A7B3000CF5692 /* qrinput.h */,
				771564E5196A7B3000CF5692 /* qrspec.c */,
				771564E6196A7B3000CF5692 /* qrspec.h */,
				771564E7196A7B3000CF5692 /* rscode.c */,
				771564E8196A7B3000CF5692 /* rscode.h */,
				771564E9196A7B3000CF5692 /* split.c */,
				771564EA196A7B3000CF5692 /* split.h */,
			);
			path = libqrencode;
			sourceTree = "<group>";
		};
		771564EC196A7B3000CF5692 /* Resources */ = {
			isa = PBXGroup;
			children = (
				7715650C196A7FFF00CF5692 /* qrcode_close@2x.png */,
				771564ED196A7B3000CF5692 /* line@2x.png */,
				771564EE196A7B3000CF5692 /* pick_bg@2x.png */,
				771564EF196A7B3000CF5692 /* zbar-back.png */,
				771564F0196A7B3000CF5692 /* zbar-help.html */,
				771564F1196A7B3000CF5692 /* zbar-helpicons.png */,
				771564F2196A7B3000CF5692 /* zbar-samples.png */,
			);
			path = Resources;
			sourceTree = "<group>";
		};
		77FF0C871965727C007BDEAA = {
			isa = PBXGroup;
			children = (
				7715650A196A7CA200CF5692 /* libiconv.dylib */,
				77156508196A7C8F00CF5692 /* CoreVideo.framework */,
				77156506196A7C8700CF5692 /* CoreMedia.framework */,
				77156504196A7C7900CF5692 /* AVFoundation.framework */,
				77FF0CB819657479007BDEAA /* Frame */,
				77FF0C921965727C007BDEAA /* Gongyinglian */,
				77FF0CA51965727C007BDEAA /* GongyinglianTests */,
				77FF0C911965727C007BDEAA /* Products */,
			);
			sourceTree = "<group>";
		};
		77FF0C911965727C007BDEAA /* Products */ = {
			isa = PBXGroup;
			children = (
				77FF0C901965727C007BDEAA /* Gongyinglian.app */,
				77FF0CA21965727C007BDEAA /* GongyinglianTests.xctest */,
			);
			name = Products;
			sourceTree = "<group>";
		};
		77FF0C921965727C007BDEAA /* Gongyinglian */ = {
			isa = PBXGroup;
			children = (
				771564BE196A7B3000CF5692 /* Ios6QRViewController.h */,
				771564BF196A7B3000CF5692 /* Ios6QRViewController.m */,
				771564C0196A7B3000CF5692 /* Ios7QRViewController.h */,
				771564C1196A7B3000CF5692 /* Ios7QRViewController.m */,
				771564C2196A7B3000CF5692 /* ZBarSDK */,
				775690F8196A24110040BF01 /* TitleView.h */,
				775690F9196A24110040BF01 /* TitleView.m */,
				775690FA196A24110040BF01 /* TitleView.xib */,
				778D0C1E196793F800E210AC /* JSONKit.h */,
				778D0C1F196793F800E210AC /* JSONKit.m */,
				77FF0D3D19657FAA007BDEAA /* Images.xcassets */,
				77FF0CB21965731F007BDEAA /* Gongying.h */,
				77FF0CB31965731F007BDEAA /* Gongying.m */,
				77FF0CB41965731F007BDEAA /* WebServiceRead.h */,
				77FF0CB51965731F007BDEAA /* WebServiceRead.m */,
				77FF0C951965727C007BDEAA /* AppDelegate.swift */,
				77FF0D37196576A3007BDEAA /* ListViewController.swift */,
				77FF0C971965727C007BDEAA /* ViewController.swift */,
				77FF0C991965727C007BDEAA /* Main.storyboard */,
				77FF0C931965727C007BDEAA /* Supporting Files */,
				77FF0D341965755A007BDEAA /* MJsonData.h */,
				77FF0D351965755A007BDEAA /* MJsonData.m */,
				77FF0D3C19657842007BDEAA /* Gongyinglian-Bridging-Header.h */,
				778D0C231967A64900E210AC /* MenuViewController.swift */,
				778D0C251967ABCF00E210AC /* ToolUtils.swift */,
				775690FD196A25800040BF01 /* UIViewController+titleView.swift */,
				775690FF196A35D40040BF01 /* UIColor+RGB.swift */,
				771564B6196A49BC00CF5692 /* GoodsCell.swift */,
				771564B8196A69BB00CF5692 /* MenuCell.swift */,
				771564BA196A722A00CF5692 /* IntegrationViewController.swift */,
				771564BC196A7A6B00CF5692 /* SoldViewController.swift */,
			);
			path = Gongyinglian;
			sourceTree = "<group>";
		};
		77FF0C931965727C007BDEAA /* Supporting Files */ = {
			isa = PBXGroup;
			children = (
				77FF0C941965727C007BDEAA /* Info.plist */,
			);
			name = "Supporting Files";
			sourceTree = "<group>";
		};
		77FF0CA51965727C007BDEAA /* GongyinglianTests */ = {
			isa = PBXGroup;
			children = (
				77FF0CA81965727C007BDEAA /* GongyinglianTests.swift */,
				77FF0CA61965727C007BDEAA /* Supporting Files */,
			);
			path = GongyinglianTests;
			sourceTree = "<group>";
		};
		77FF0CA61965727C007BDEAA /* Supporting Files */ = {
			isa = PBXGroup;
			children = (
				77FF0CA71965727C007BDEAA /* Info.plist */,
			);
			name = "Supporting Files";
			sourceTree = "<group>";
		};
		77FF0CB819657479007BDEAA /* Frame */ = {
			isa = PBXGroup;
			children = (
				77912592196B7A200007C28C /* InitConfig.plist */,
				77FF0CB919657479007BDEAA /* head */,
				77FF0D0919657479007BDEAA /* libIsoFrame.a */,
			);
			path = Frame;
			sourceTree = "<group>";
		};
		77FF0CB919657479007BDEAA /* head */ = {
			isa = PBXGroup;
			children = (
				77FF0CBA19657479007BDEAA /* ApiUpdate.h */,
				77FF0CBB19657479007BDEAA /* AppUpdate.pb.h */,
				77FF0CBC19657479007BDEAA /* DataManager.h */,
				77FF0CBD19657479007BDEAA /* ErrMsg.h */,
				77FF0CBE19657479007BDEAA /* Frame.h */,
				77FF0CBF19657479007BDEAA /* Http2Json.h */,
				77FF0CC019657479007BDEAA /* InitConfig.h */,
				77FF0CC119657479007BDEAA /* InitUrl.h */,
				77FF0CC219657479007BDEAA /* IntenetRead.h */,
				77FF0CC319657479007BDEAA /* json */,
				77FF0CD119657479007BDEAA /* JsonData.h */,
				77FF0CD219657479007BDEAA /* Loading.h */,
				77FF0CD319657479007BDEAA /* mBase64.h */,
				77FF0CD419657479007BDEAA /* mDES.h */,
				77FF0CD519657479007BDEAA /* MLog.h */,
				77FF0CD619657479007BDEAA /* mMD5.h */,
				77FF0CD719657479007BDEAA /* MMenu.h */,
				77FF0CD819657479007BDEAA /* Mrequest.pb.h */,
				77FF0CD919657479007BDEAA /* Mretn.pb.h */,
				77FF0CDA19657479007BDEAA /* MsgDialog.h */,
				77FF0CDB19657479007BDEAA /* openthread */,
				77FF0CE619657479007BDEAA /* ProgressHUD.bundle */,
				77FF0CE719657479007BDEAA /* ProgressHUD.h */,
				77FF0CE819657479007BDEAA /* protobuf */,
				77FF0D0119657479007BDEAA /* RegExCategories.h */,
				77FF0D0219657479007BDEAA /* Son.h */,
				77FF0D0319657479007BDEAA /* Son2Json.h */,
				77FF0D0419657479007BDEAA /* Son2Top.h */,
				77FF0D0519657479007BDEAA /* UpdateOne.h */,
				77FF0D0619657479007BDEAA /* Updateone2Json.h */,
				77FF0D0719657479007BDEAA /* UpdateOne2Top.h */,
				77FF0D0819657479007BDEAA /* UpdateSelf.h */,
			);
			path = head;
			sourceTree = "<group>";
		};
		77FF0CC319657479007BDEAA /* json */ = {
			isa = PBXGroup;
			children = (
				77FF0CC419657479007BDEAA /* MSBJson.h */,
				77FF0CC519657479007BDEAA /* MSBJsonParser.h */,
				77FF0CC619657479007BDEAA /* MSBJsonStreamParser.h */,
				77FF0CC719657479007BDEAA /* MSBJsonStreamParserAccumulator.h */,
				77FF0CC819657479007BDEAA /* MSBJsonStreamParserAdapter.h */,
				77FF0CC919657479007BDEAA /* MSBJsonStreamParserState.h */,
				77FF0CCA19657479007BDEAA /* MSBJsonStreamWriter.h */,
				77FF0CCB19657479007BDEAA /* MSBJsonStreamWriterAccumulator.h */,
				77FF0CCC19657479007BDEAA /* MSBJsonStreamWriterState.h */,
				77FF0CCD19657479007BDEAA /* MSBJsonTokeniser.h */,
				77FF0CCE19657479007BDEAA /* MSBJsonUTF8Stream.h */,
				77FF0CCF19657479007BDEAA /* MSBJsonWriter.h */,
				77FF0CD019657479007BDEAA /* NSObject+MSBJson.h */,
			);
			path = json;
			sourceTree = "<group>";
		};
		77FF0CDB19657479007BDEAA /* openthread */ = {
			isa = PBXGroup;
			children = (
				77FF0CDC19657479007BDEAA /* OTRuntime.h */,
				77FF0CDD19657479007BDEAA /* OTRuntimeClass.h */,
				77FF0CDE19657479007BDEAA /* OTRuntimeIvar.h */,
				77FF0CDF19657479007BDEAA /* OTRuntimeMethod.h */,
				77FF0CE019657479007BDEAA /* OTRuntimeObjc.h */,
				77FF0CE119657479007BDEAA /* OTRuntimeObject.h */,
				77FF0CE219657479007BDEAA /* OTRuntimeProtocol.h */,
				77FF0CE319657479007BDEAA /* OTRuntimeSel.h */,
				77FF0CE419657479007BDEAA /* OTTypeDef.h */,
				77FF0CE519657479007BDEAA /* README */,
			);
			path = openthread;
			sourceTree = "<group>";
		};
		77FF0CE819657479007BDEAA /* protobuf */ = {
			isa = PBXGroup;
			children = (
				77FF0CE919657479007BDEAA /* AbstractMessage.h */,
				77FF0CEA19657479007BDEAA /* AbstractMessage_Builder.h */,
				77FF0CEB19657479007BDEAA /* Bootstrap.h */,
				77FF0CEC19657479007BDEAA /* CodedInputStream.h */,
				77FF0CED19657479007BDEAA /* CodedOutputStream.h */,
				77FF0CEE19657479007BDEAA /* ConcreteExtensionField.h */,
				77FF0CEF19657479007BDEAA /* ExtendableMessage.h */,
				77FF0CF019657479007BDEAA /* ExtendableMessage_Builder.h */,
				77FF0CF119657479007BDEAA /* ExtensionField.h */,
				77FF0CF219657479007BDEAA /* ExtensionRegistry.h */,
				77FF0CF319657479007BDEAA /* Field.h */,
				77FF0CF419657479007BDEAA /* ForwardDeclarations.h */,
				77FF0CF519657479007BDEAA /* GeneratedMessage.h */,
				77FF0CF619657479007BDEAA /* GeneratedMessage_Builder.h */,
				77FF0CF719657479007BDEAA /* Message.h */,
				77FF0CF819657479007BDEAA /* Message_Builder.h */,
				77FF0CF919657479007BDEAA /* MutableExtensionRegistry.h */,
				77FF0CFA19657479007BDEAA /* MutableField.h */,
				77FF0CFB19657479007BDEAA /* ProtocolBuffers.h */,
				77FF0CFC19657479007BDEAA /* TextFormat.h */,
				77FF0CFD19657479007BDEAA /* UnknownFieldSet.h */,
				77FF0CFE19657479007BDEAA /* UnknownFieldSet_Builder.h */,
				77FF0CFF19657479007BDEAA /* Utilities.h */,
				77FF0D0019657479007BDEAA /* WireFormat.h */,
			);
			path = protobuf;
			sourceTree = "<group>";
		};
/* End PBXGroup section */

/* Begin PBXNativeTarget section */
		77FF0C8F1965727C007BDEAA /* Gongyinglian */ = {
			isa = PBXNativeTarget;
			buildConfigurationList = 77FF0CAC1965727C007BDEAA /* Build configuration list for PBXNativeTarget "Gongyinglian" */;
			buildPhases = (
				77FF0C8C1965727C007BDEAA /* Sources */,
				77FF0C8D1965727C007BDEAA /* Frameworks */,
				77FF0C8E1965727C007BDEAA /* Resources */,
			);
			buildRules = (
			);
			dependencies = (
			);
			name = Gongyinglian;
			productName = Gongyinglian;
			productReference = 77FF0C901965727C007BDEAA /* Gongyinglian.app */;
			productType = "com.apple.product-type.application";
		};
		77FF0CA11965727C007BDEAA /* GongyinglianTests */ = {
			isa = PBXNativeTarget;
			buildConfigurationList = 77FF0CAF1965727C007BDEAA /* Build configuration list for PBXNativeTarget "GongyinglianTests" */;
			buildPhases = (
				77FF0C9E1965727C007BDEAA /* Sources */,
				77FF0C9F1965727C007BDEAA /* Frameworks */,
				77FF0CA01965727C007BDEAA /* Resources */,
			);
			buildRules = (
			);
			dependencies = (
				77FF0CA41965727C007BDEAA /* PBXTargetDependency */,
			);
			name = GongyinglianTests;
			productName = GongyinglianTests;
			productReference = 77FF0CA21965727C007BDEAA /* GongyinglianTests.xctest */;
			productType = "com.apple.product-type.bundle.unit-test";
		};
/* End PBXNativeTarget section */

/* Begin PBXProject section */
		77FF0C881965727C007BDEAA /* Project object */ = {
			isa = PBXProject;
			attributes = {
				LastUpgradeCheck = 0600;
				ORGANIZATIONNAME = udows;
				TargetAttributes = {
					77FF0C8F1965727C007BDEAA = {
						CreatedOnToolsVersion = 6.0;
					};
					77FF0CA11965727C007BDEAA = {
						CreatedOnToolsVersion = 6.0;
						TestTargetID = 77FF0C8F1965727C007BDEAA;
					};
				};
			};
			buildConfigurationList = 77FF0C8B1965727C007BDEAA /* Build configuration list for PBXProject "Gongyinglian" */;
			compatibilityVersion = "Xcode 3.2";
			developmentRegion = English;
			hasScannedForEncodings = 0;
			knownRegions = (
				en,
				Base,
			);
			mainGroup = 77FF0C871965727C007BDEAA;
			productRefGroup = 77FF0C911965727C007BDEAA /* Products */;
			projectDirPath = "";
			projectRoot = "";
			targets = (
				77FF0C8F1965727C007BDEAA /* Gongyinglian */,
				77FF0CA11965727C007BDEAA /* GongyinglianTests */,
			);
		};
/* End PBXProject section */

/* Begin PBXResourcesBuildPhase section */
		77FF0C8E1965727C007BDEAA /* Resources */ = {
			isa = PBXResourcesBuildPhase;
			buildActionMask = 2147483647;
			files = (
				77912593196B7A200007C28C /* InitConfig.plist in Resources */,
				77156502196A7B3000CF5692 /* zbar-helpicons.png in Resources */,
				771564FF196A7B3000CF5692 /* pick_bg@2x.png in Resources */,
				77FF0D1F1965747A007BDEAA /* ProgressHUD.bundle in Resources */,
				77156503196A7B3000CF5692 /* zbar-samples.png in Resources */,
				77FF0D3E19657FAA007BDEAA /* Images.xcassets in Resources */,
				77FF0D1E1965747A007BDEAA /* README in Resources */,
				77156501196A7B3000CF5692 /* zbar-help.html in Resources */,
				775690FC196A24110040BF01 /* TitleView.xib in Resources */,
				77156500196A7B3000CF5692 /* zbar-back.png in Resources */,
				771564FE196A7B3000CF5692 /* line@2x.png in Resources */,
				77FF0C9B1965727C007BDEAA /* Main.storyboard in Resources */,
				7715650D196A7FFF00CF5692 /* qrcode_close@2x.png in Resources */,
			);
			runOnlyForDeploymentPostprocessing = 0;
		};
		77FF0CA01965727C007BDEAA /* Resources */ = {
			isa = PBXResourcesBuildPhase;
			buildActionMask = 2147483647;
			files = (
			);
			runOnlyForDeploymentPostprocessing = 0;
		};
/* End PBXResourcesBuildPhase section */

/* Begin PBXSourcesBuildPhase section */
		77FF0C8C1965727C007BDEAA /* Sources */ = {
			isa = PBXSourcesBuildPhase;
			buildActionMask = 2147483647;
			files = (
				771564B9196A69BB00CF5692 /* MenuCell.swift in Sources */,
				771564B7196A49BC00CF5692 /* GoodsCell.swift in Sources */,
				775690FE196A25800040BF01 /* UIViewController+titleView.swift in Sources */,
				77FF0C981965727C007BDEAA /* ViewController.swift in Sources */,
				771564FC196A7B3000CF5692 /* split.c in Sources */,
				771564BD196A7A6B00CF5692 /* SoldViewController.swift in Sources */,
				771564F3196A7B3000CF5692 /* Ios6QRViewController.m in Sources */,
				77FF0C961965727C007BDEAA /* AppDelegate.swift in Sources */,
				771564FA196A7B3000CF5692 /* qrspec.c in Sources */,
				77FF0D38196576A3007BDEAA /* ListViewController.swift in Sources */,
				77FF0D361965755A007BDEAA /* MJsonData.m in Sources */,
				778D0C261967ABCF00E210AC /* ToolUtils.swift in Sources */,
				77FF0CB71965731F007BDEAA /* WebServiceRead.m in Sources */,
				771564F4196A7B3000CF5692 /* Ios7QRViewController.m in Sources */,
				77569100196A35D40040BF01 /* UIColor+RGB.swift in Sources */,
				771564F5196A7B3000CF5692 /* bitstream.c in Sources */,
				771564F7196A7B3000CF5692 /* QRCodeGenerator.m in Sources */,
				771564BB196A722A00CF5692 /* IntegrationViewController.swift in Sources */,
				771564F9196A7B3000CF5692 /* qrinput.c in Sources */,
				771564FB196A7B3000CF5692 /* rscode.c in Sources */,
				771564F6196A7B3000CF5692 /* mask.c in Sources */,
				778D0C20196793F800E210AC /* JSONKit.m in Sources */,
				775690FB196A24110040BF01 /* TitleView.m in Sources */,
				77FF0CB61965731F007BDEAA /* Gongying.m in Sources */,
				771564F8196A7B3000CF5692 /* qrencode.c in Sources */,
				778D0C241967A64900E210AC /* MenuViewController.swift in Sources */,
			);
			runOnlyForDeploymentPostprocessing = 0;
		};
		77FF0C9E1965727C007BDEAA /* Sources */ = {
			isa = PBXSourcesBuildPhase;
			buildActionMask = 2147483647;
			files = (
				77FF0CA91965727C007BDEAA /* GongyinglianTests.swift in Sources */,
			);
			runOnlyForDeploymentPostprocessing = 0;
		};
/* End PBXSourcesBuildPhase section */

/* Begin PBXTargetDependency section */
		77FF0CA41965727C007BDEAA /* PBXTargetDependency */ = {
			isa = PBXTargetDependency;
			target = 77FF0C8F1965727C007BDEAA /* Gongyinglian */;
			targetProxy = 77FF0CA31965727C007BDEAA /* PBXContainerItemProxy */;
		};
/* End PBXTargetDependency section */

/* Begin PBXVariantGroup section */
		77FF0C991965727C007BDEAA /* Main.storyboard */ = {
			isa = PBXVariantGroup;
			children = (
				77FF0C9A1965727C007BDEAA /* Base */,
			);
			name = Main.storyboard;
			sourceTree = "<group>";
		};
/* End PBXVariantGroup section */

/* Begin XCBuildConfiguration section */
		77FF0CAA1965727C007BDEAA /* Debug */ = {
			isa = XCBuildConfiguration;
			buildSettings = {
				ALWAYS_SEARCH_USER_PATHS = NO;
				CLANG_CXX_LANGUAGE_STANDARD = "gnu++0x";
				CLANG_CXX_LIBRARY = "libc++";
				CLANG_ENABLE_MODULES = YES;
				CLANG_ENABLE_OBJC_ARC = YES;
				CLANG_WARN_BOOL_CONVERSION = YES;
				CLANG_WARN_CONSTANT_CONVERSION = YES;
				CLANG_WARN_DIRECT_OBJC_ISA_USAGE = YES_ERROR;
				CLANG_WARN_EMPTY_BODY = YES;
				CLANG_WARN_ENUM_CONVERSION = YES;
				CLANG_WARN_INT_CONVERSION = YES;
				CLANG_WARN_OBJC_ROOT_CLASS = YES_ERROR;
				CLANG_WARN_UNREACHABLE_CODE = YES;
				CLANG_WARN__DUPLICATE_METHOD_MATCH = YES;
				"CODE_SIGN_IDENTITY[sdk=iphoneos*]" = "iPhone Developer";
				COPY_PHASE_STRIP = NO;
				ENABLE_STRICT_OBJC_MSGSEND = YES;
				GCC_C_LANGUAGE_STANDARD = gnu99;
				GCC_DYNAMIC_NO_PIC = NO;
				GCC_OPTIMIZATION_LEVEL = 0;
				GCC_PREPROCESSOR_DEFINITIONS = (
					"DEBUG=1",
					"$(inherited)",
				);
				GCC_SYMBOLS_PRIVATE_EXTERN = NO;
				GCC_WARN_64_TO_32_BIT_CONVERSION = YES;
				GCC_WARN_ABOUT_RETURN_TYPE = YES_ERROR;
				GCC_WARN_UNDECLARED_SELECTOR = YES;
				GCC_WARN_UNINITIALIZED_AUTOS = YES_AGGRESSIVE;
				GCC_WARN_UNUSED_FUNCTION = YES;
				GCC_WARN_UNUSED_VARIABLE = YES;
				IPHONEOS_DEPLOYMENT_TARGET = 5.1;
				METAL_ENABLE_DEBUG_INFO = YES;
				ONLY_ACTIVE_ARCH = YES;
				PROVISIONING_PROFILE = "5FB7ED6D-0517-4582-A851-7BCCF69C74E2";
				SDKROOT = iphoneos;
				SWIFT_OBJC_BRIDGING_HEADER = "Gongyinglian-Bridging-Header.h";
				SWIFT_OPTIMIZATION_LEVEL = "-Onone";
			};
			name = Debug;
		};
		77FF0CAB1965727C007BDEAA /* Release */ = {
			isa = XCBuildConfiguration;
			buildSettings = {
				ALWAYS_SEARCH_USER_PATHS = NO;
				CLANG_CXX_LANGUAGE_STANDARD = "gnu++0x";
				CLANG_CXX_LIBRARY = "libc++";
				CLANG_ENABLE_MODULES = YES;
				CLANG_ENABLE_OBJC_ARC = YES;
				CLANG_WARN_BOOL_CONVERSION = YES;
				CLANG_WARN_CONSTANT_CONVERSION = YES;
				CLANG_WARN_DIRECT_OBJC_ISA_USAGE = YES_ERROR;
				CLANG_WARN_EMPTY_BODY = YES;
				CLANG_WARN_ENUM_CONVERSION = YES;
				CLANG_WARN_INT_CONVERSION = YES;
				CLANG_WARN_OBJC_ROOT_CLASS = YES_ERROR;
				CLANG_WARN_UNREACHABLE_CODE = YES;
				CLANG_WARN__DUPLICATE_METHOD_MATCH = YES;
				"CODE_SIGN_IDENTITY[sdk=iphoneos*]" = "iPhone Developer";
				COPY_PHASE_STRIP = YES;
				ENABLE_NS_ASSERTIONS = NO;
				ENABLE_STRICT_OBJC_MSGSEND = YES;
				GCC_C_LANGUAGE_STANDARD = gnu99;
				GCC_WARN_64_TO_32_BIT_CONVERSION = YES;
				GCC_WARN_ABOUT_RETURN_TYPE = YES_ERROR;
				GCC_WARN_UNDECLARED_SELECTOR = YES;
				GCC_WARN_UNINITIALIZED_AUTOS = YES_AGGRESSIVE;
				GCC_WARN_UNUSED_FUNCTION = YES;
				GCC_WARN_UNUSED_VARIABLE = YES;
				IPHONEOS_DEPLOYMENT_TARGET = 5.1;
				METAL_ENABLE_DEBUG_INFO = NO;
				PROVISIONING_PROFILE = "5FB7ED6D-0517-4582-A851-7BCCF69C74E2";
				SDKROOT = iphoneos;
				SWIFT_OBJC_BRIDGING_HEADER = "Gongyinglian-Bridging-Header.h";
				VALIDATE_PRODUCT = YES;
			};
			name = Release;
		};
		77FF0CAD1965727C007BDEAA /* Debug */ = {
			isa = XCBuildConfiguration;
			buildSettings = {
				ASSETCATALOG_COMPILER_APPICON_NAME = AppIcon;
				ASSETCATALOG_COMPILER_LAUNCHIMAGE_NAME = LaunchImage;
				INFOPLIST_FILE = Gongyinglian/Info.plist;
				IPHONEOS_DEPLOYMENT_TARGET = 6.0;
				LD_RUNPATH_SEARCH_PATHS = "$(inherited) @executable_path/Frameworks";
				LIBRARY_SEARCH_PATHS = (
					"$(inherited)",
					"$(PROJECT_DIR)/Frame",
					"$(PROJECT_DIR)/Gongyinglian/ZBarSDK",
				);
				PRODUCT_NAME = "$(TARGET_NAME)";
				SWIFT_OBJC_BRIDGING_HEADER = "Gongyinglian/Gongyinglian-Bridging-Header.h";
			};
			name = Debug;
		};
		77FF0CAE1965727C007BDEAA /* Release */ = {
			isa = XCBuildConfiguration;
			buildSettings = {
				ASSETCATALOG_COMPILER_APPICON_NAME = AppIcon;
				ASSETCATALOG_COMPILER_LAUNCHIMAGE_NAME = LaunchImage;
				INFOPLIST_FILE = Gongyinglian/Info.plist;
				IPHONEOS_DEPLOYMENT_TARGET = 6.0;
				LD_RUNPATH_SEARCH_PATHS = "$(inherited) @executable_path/Frameworks";
				LIBRARY_SEARCH_PATHS = (
					"$(inherited)",
					"$(PROJECT_DIR)/Frame",
					"$(PROJECT_DIR)/Gongyinglian/ZBarSDK",
				);
				PRODUCT_NAME = "$(TARGET_NAME)";
				SWIFT_OBJC_BRIDGING_HEADER = "Gongyinglian/Gongyinglian-Bridging-Header.h";
			};
			name = Release;
		};
		77FF0CB01965727C007BDEAA /* Debug */ = {
			isa = XCBuildConfiguration;
			buildSettings = {
				BUNDLE_LOADER = "$(BUILT_PRODUCTS_DIR)/Gongyinglian.app/Gongyinglian";
				FRAMEWORK_SEARCH_PATHS = (
					"$(SDKROOT)/Developer/Library/Frameworks",
					"$(inherited)",
				);
				GCC_PREPROCESSOR_DEFINITIONS = (
					"DEBUG=1",
					"$(inherited)",
				);
				INFOPLIST_FILE = GongyinglianTests/Info.plist;
				LD_RUNPATH_SEARCH_PATHS = "$(inherited) @executable_path/Frameworks @loader_path/Frameworks";
				METAL_ENABLE_DEBUG_INFO = YES;
				PRODUCT_NAME = "$(TARGET_NAME)";
				TEST_HOST = "$(BUNDLE_LOADER)";
			};
			name = Debug;
		};
		77FF0CB11965727C007BDEAA /* Release */ = {
			isa = XCBuildConfiguration;
			buildSettings = {
				BUNDLE_LOADER = "$(BUILT_PRODUCTS_DIR)/Gongyinglian.app/Gongyinglian";
				FRAMEWORK_SEARCH_PATHS = (
					"$(SDKROOT)/Developer/Library/Frameworks",
					"$(inherited)",
				);
				INFOPLIST_FILE = GongyinglianTests/Info.plist;
				LD_RUNPATH_SEARCH_PATHS = "$(inherited) @executable_path/Frameworks @loader_path/Frameworks";
				METAL_ENABLE_DEBUG_INFO = NO;
				PRODUCT_NAME = "$(TARGET_NAME)";
				TEST_HOST = "$(BUNDLE_LOADER)";
			};
			name = Release;
		};
/* End XCBuildConfiguration section */

/* Begin XCConfigurationList section */
		77FF0C8B1965727C007BDEAA /* Build configuration list for PBXProject "Gongyinglian" */ = {
			isa = XCConfigurationList;
			buildConfigurations = (
				77FF0CAA1965727C007BDEAA /* Debug */,
				77FF0CAB1965727C007BDEAA /* Release */,
			);
			defaultConfigurationIsVisible = 0;
			defaultConfigurationName = Release;
		};
		77FF0CAC1965727C007BDEAA /* Build configuration list for PBXNativeTarget "Gongyinglian" */ = {
			isa = XCConfigurationList;
			buildConfigurations = (
				77FF0CAD1965727C007BDEAA /* Debug */,
				77FF0CAE1965727C007BDEAA /* Release */,
			);
			defaultConfigurationIsVisible = 0;
			defaultConfigurationName = Release;
		};
		77FF0CAF1965727C007BDEAA /* Build configuration list for PBXNativeTarget "GongyinglianTests" */ = {
			isa = XCConfigurationList;
			buildConfigurations = (
				77FF0CB01965727C007BDEAA /* Debug */,
				77FF0CB11965727C007BDEAA /* Release */,
			);
			defaultConfigurationIsVisible = 0;
			defaultConfigurationName = Release;
		};
/* End XCConfigurationList section */
	};
	rootObject = 77FF0C881965727C007BDEAA /* Project object */;
}
